
Microsoft Visual Studio Solution File, Format Version 12.00
# Visual Studio Version 17
VisualStudioVersion = 17.0.32014.148
MinimumVisualStudioVersion = 10.0.40219.1
Project("{8BC9CEB8-8B4A-11D0-8D11-00A0C91BC942}") = "BusPark", "BusPark\BusPark.vcxproj", "{A020B0D6-1AA4-4D1D-887F-A14EE30C6FB2}"
EndProject
Global
	GlobalSection(SolutionConfigurationPlatforms) = preSolution
		Debug|x64 = Debug|x64
		Debug|x86 = Debug|x86
		Release|x64 = Release|x64
		Release|x86 = Release|x86
	EndGlobalSection
	GlobalSection(ProjectConfigurationPlatforms) = postSolution
		{A020B0D6-1AA4-4D1D-887F-A14EE30C6FB2}.Debug|x64.ActiveCfg = Debug|x64
		{A020B0D6-1AA4-4D1D-887F-A14EE30C6FB2}.Debug|x64.Build.0 = Debug|x64
		{A020B0D6-1AA4-4D1D-887F-A14EE30C6FB2}.Debug|x86.ActiveCfg = Debug|Win32
		{A020B0D6-1AA4-4D1D-887F-A14EE30C6FB2}.Debug|x86.Build.0 = Debug|Win32
		{A020B0D6-1AA4-4D1D-887F-A14EE30C6FB2}.Release|x64.ActiveCfg = Release|x64
		{A020B0D6-1AA4-4D1D-887F-A14EE30C6FB2}.Release|x64.Build.0 = Release|x64
		{A020B0D6-1AA4-4D1D-887F-A14EE30C6FB2}.Release|x86.ActiveCfg = Release|Win32
		{A020B0D6-1AA4-4D1D-887F-A14EE30C6FB2}.Release|x86.Build.0 = Release|Win32
	EndGlobalSection
	GlobalSection(SolutionProperties) = preSolution
		HideSolutionNode = FALSE
	EndGlobalSection
	GlobalSection(ExtensibilityGlobals) = postSolution
		SolutionGuid = {6B711B60-E695-488E-AF22-5B9E9F7C306E}
	EndGlobalSection
EndGlobal
